
Microsoft Visual Studio Solution File, Format Version 12.00
# Visual Studio Version 16
VisualStudioVersion = 16.0.30804.86
MinimumVisualStudioVersion = 10.0.40219.1
Project("{FAE04EC0-301F-11D3-BF4B-00C04F79EFBC}") = "UsmanAssignment2", "UsmanAssignment2\UsmanAssignment2.csproj", "{736D3582-577F-454E-9EAA-5D33343CCE96}"
EndProject
Global
	GlobalSection(SolutionConfigurationPlatforms) = preSolution
		Debug|Any CPU = Debug|Any CPU
		Release|Any CPU = Release|Any CPU
	EndGlobalSection
	GlobalSection(ProjectConfigurationPlatforms) = postSolution
		{736D3582-577F-454E-9EAA-5D33343CCE96}.Debug|Any CPU.ActiveCfg = Debug|Any CPU
		{736D3582-577F-454E-9EAA-5D33343CCE96}.Debug|Any CPU.Build.0 = Debug|Any CPU
		{736D3582-577F-454E-9EAA-5D33343CCE96}.Release|Any CPU.ActiveCfg = Release|Any CPU
		{736D3582-577F-454E-9EAA-5D33343CCE96}.Release|Any CPU.Build.0 = Release|Any CPU
	EndGlobalSection
	GlobalSection(SolutionProperties) = preSolution
		HideSolutionNode = FALSE
	EndGlobalSection
	GlobalSection(ExtensibilityGlobals) = postSolution
		SolutionGuid = {2414C4A4-2A41-452E-B5B4-C3DC44D5499A}
	EndGlobalSection
EndGlobal
